
Microsoft Visual Studio Solution File, Format Version 12.00
# Visual Studio 15
VisualStudioVersion = 15.0.28010.2003
MinimumVisualStudioVersion = 10.0.40219.1
Project("{FAE04EC0-301F-11D3-BF4B-00C04F79EFBC}") = "MyGame_AnimalGo_MonoGame", "MyGame_AnimalGo_MonoGame.csproj", "{35AC6030-42F6-48FF-8FC1-56B9494EBFDB}"
EndProject
Global
	GlobalSection(SolutionConfigurationPlatforms) = preSolution
		Debug|Any CPU = Debug|Any CPU
		Release|Any CPU = Release|Any CPU
	EndGlobalSection
	GlobalSection(ProjectConfigurationPlatforms) = postSolution
		{35AC6030-42F6-48FF-8FC1-56B9494EBFDB}.Debug|Any CPU.ActiveCfg = Debug|Any CPU
		{35AC6030-42F6-48FF-8FC1-56B9494EBFDB}.Debug|Any CPU.Build.0 = Debug|Any CPU
		{35AC6030-42F6-48FF-8FC1-56B9494EBFDB}.Debug|Any CPU.Deploy.0 = Debug|Any CPU
		{35AC6030-42F6-48FF-8FC1-56B9494EBFDB}.Release|Any CPU.ActiveCfg = Release|Any CPU
		{35AC6030-42F6-48FF-8FC1-56B9494EBFDB}.Release|Any CPU.Build.0 = Release|Any CPU
		{35AC6030-42F6-48FF-8FC1-56B9494EBFDB}.Release|Any CPU.Deploy.0 = Release|Any CPU
	EndGlobalSection
	GlobalSection(SolutionProperties) = preSolution
		HideSolutionNode = FALSE
	EndGlobalSection
	GlobalSection(ExtensibilityGlobals) = postSolution
		SolutionGuid = {807C4CA9-E312-465B-A009-A13AD4218288}
	EndGlobalSection
EndGlobal
