
Microsoft Visual Studio Solution File, Format Version 12.00
# Visual Studio Version 17
VisualStudioVersion = 17.5.33516.290
MinimumVisualStudioVersion = 10.0.40219.1
Project("{9A19103F-16F7-4668-BE54-9A1E7A4F7556}") = "Android", "Android\Android.csproj", "{813588A8-D522-4941-9DA3-D1814CFAC44A}"
EndProject
Project("{FAE04EC0-301F-11D3-BF4B-00C04F79EFBC}") = "GameLogic", "GameLogic\GameLogic.csproj", "{071BB905-4467-4D52-B3D8-5867DF27187B}"
EndProject
Project("{FAE04EC0-301F-11D3-BF4B-00C04F79EFBC}") = "Windows", "Windows\Windows.csproj", "{E91AA747-FD59-43B6-9200-5A554C0145F7}"
EndProject
Global
	GlobalSection(SolutionConfigurationPlatforms) = preSolution
		Debug|Any CPU = Debug|Any CPU
		Release|Any CPU = Release|Any CPU
	EndGlobalSection
	GlobalSection(ProjectConfigurationPlatforms) = postSolution
		{813588A8-D522-4941-9DA3-D1814CFAC44A}.Debug|Any CPU.ActiveCfg = Debug|Any CPU
		{813588A8-D522-4941-9DA3-D1814CFAC44A}.Debug|Any CPU.Build.0 = Debug|Any CPU
		{813588A8-D522-4941-9DA3-D1814CFAC44A}.Debug|Any CPU.Deploy.0 = Debug|Any CPU
		{813588A8-D522-4941-9DA3-D1814CFAC44A}.Release|Any CPU.ActiveCfg = Release|Any CPU
		{813588A8-D522-4941-9DA3-D1814CFAC44A}.Release|Any CPU.Build.0 = Release|Any CPU
		{813588A8-D522-4941-9DA3-D1814CFAC44A}.Release|Any CPU.Deploy.0 = Release|Any CPU
		{071BB905-4467-4D52-B3D8-5867DF27187B}.Debug|Any CPU.ActiveCfg = Debug|Any CPU
		{071BB905-4467-4D52-B3D8-5867DF27187B}.Debug|Any CPU.Build.0 = Debug|Any CPU
		{071BB905-4467-4D52-B3D8-5867DF27187B}.Release|Any CPU.ActiveCfg = Release|Any CPU
		{071BB905-4467-4D52-B3D8-5867DF27187B}.Release|Any CPU.Build.0 = Release|Any CPU
		{E91AA747-FD59-43B6-9200-5A554C0145F7}.Debug|Any CPU.ActiveCfg = Debug|Any CPU
		{E91AA747-FD59-43B6-9200-5A554C0145F7}.Debug|Any CPU.Build.0 = Debug|Any CPU
		{E91AA747-FD59-43B6-9200-5A554C0145F7}.Release|Any CPU.ActiveCfg = Release|Any CPU
		{E91AA747-FD59-43B6-9200-5A554C0145F7}.Release|Any CPU.Build.0 = Release|Any CPU
	EndGlobalSection
	GlobalSection(SolutionProperties) = preSolution
		HideSolutionNode = FALSE
	EndGlobalSection
	GlobalSection(ExtensibilityGlobals) = postSolution
		SolutionGuid = {141374F3-6B07-4481-A1A1-41BC29DCEA8F}
	EndGlobalSection
EndGlobal
